// !$*UTF8*$!
{
	archiveVersion = 1;
	classes = {
	};
	objectVersion = 55;
	objects = {

/* Begin PBXBuildFile section */
		751F580C282FBC4900FBD04D /* AppDelegate.swift in Sources */ = {isa = PBXBuildFile; fileRef = 751F580B282FBC4900FBD04D /* AppDelegate.swift */; };
		751F580E282FBC4900FBD04D /* SceneDelegate.swift in Sources */ = {isa = PBXBuildFile; fileRef = 751F580D282FBC4900FBD04D /* SceneDelegate.swift */; };
		751F5813282FBC4900FBD04D /* Main.storyboard in Resources */ = {isa = PBXBuildFile; fileRef = 751F5811282FBC4900FBD04D /* Main.storyboard */; };
		751F5815282FBC4A00FBD04D /* Assets.xcassets in Resources */ = {isa = PBXBuildFile; fileRef = 751F5814282FBC4A00FBD04D /* Assets.xcassets */; };
		751F5818282FBC4A00FBD04D /* LaunchScreen.storyboard in Resources */ = {isa = PBXBuildFile; fileRef = 751F5816282FBC4A00FBD04D /* LaunchScreen.storyboard */; };
		75284B6D282FCF2700D7DFC5 /* HomeViewController.swift in Sources */ = {isa = PBXBuildFile; fileRef = 75284B6C282FCF2700D7DFC5 /* HomeViewController.swift */; };
		75284B6F282FCF4100D7DFC5 /* HipiViewController.swift in Sources */ = {isa = PBXBuildFile; fileRef = 75284B6E282FCF4100D7DFC5 /* HipiViewController.swift */; };
		75284B71282FCF5100D7DFC5 /* UpcomingViewController.swift in Sources */ = {isa = PBXBuildFile; fileRef = 75284B70282FCF5100D7DFC5 /* UpcomingViewController.swift */; };
		75284B73282FCF6300D7DFC5 /* MoreViewController.swift in Sources */ = {isa = PBXBuildFile; fileRef = 75284B72282FCF6300D7DFC5 /* MoreViewController.swift */; };
		75284B75282FCFC700D7DFC5 /* TabViewController.swift in Sources */ = {isa = PBXBuildFile; fileRef = 75284B74282FCFC700D7DFC5 /* TabViewController.swift */; };
		75284B77282FD0C300D7DFC5 /* DownloadViewController.swift in Sources */ = {isa = PBXBuildFile; fileRef = 75284B76282FD0C300D7DFC5 /* DownloadViewController.swift */; };
		75284B7A2830E77800D7DFC5 /* UnderlinedTextField.swift in Sources */ = {isa = PBXBuildFile; fileRef = 75284B792830E77800D7DFC5 /* UnderlinedTextField.swift */; };
		75284B7C283107F400D7DFC5 /* LoginViewController.swift in Sources */ = {isa = PBXBuildFile; fileRef = 75284B7B283107F400D7DFC5 /* LoginViewController.swift */; };
		75284B7E2831507E00D7DFC5 /* RegisterViewController.swift in Sources */ = {isa = PBXBuildFile; fileRef = 75284B7D2831507D00D7DFC5 /* RegisterViewController.swift */; };
		75C5878D283526CB00568A0F /* ViewModel.swift in Sources */ = {isa = PBXBuildFile; fileRef = 75C5878C283526CB00568A0F /* ViewModel.swift */; };
		75C5878F283526D800568A0F /* Model.swift in Sources */ = {isa = PBXBuildFile; fileRef = 75C5878E283526D800568A0F /* Model.swift */; };
/* End PBXBuildFile section */

/* Begin PBXFileReference section */
		751F5808282FBC4800FBD04D /* zee5.app */ = {isa = PBXFileReference; explicitFileType = wrapper.application; includeInIndex = 0; path = zee5.app; sourceTree = BUILT_PRODUCTS_DIR; };
		751F580B282FBC4900FBD04D /* AppDelegate.swift */ = {isa = PBXFileReference; lastKnownFileType = sourcecode.swift; path = AppDelegate.swift; sourceTree = "<group>"; };
		751F580D282FBC4900FBD04D /* SceneDelegate.swift */ = {isa = PBXFileReference; lastKnownFileType = sourcecode.swift; path = SceneDelegate.swift; sourceTree = "<group>"; };
		751F5812282FBC4900FBD04D /* Base */ = {isa = PBXFileReference; lastKnownFileType = file.storyboard; name = Base; path = Base.lproj/Main.storyboard; sourceTree = "<group>"; };
		751F5814282FBC4A00FBD04D /* Assets.xcassets */ = {isa = PBXFileReference; lastKnownFileType = folder.assetcatalog; path = Assets.xcassets; sourceTree = "<group>"; };
		751F5817282FBC4A00FBD04D /* Base */ = {isa = PBXFileReference; lastKnownFileType = file.storyboard; name = Base; path = Base.lproj/LaunchScreen.storyboard; sourceTree = "<group>"; };
		751F5819282FBC4A00FBD04D /* Info.plist */ = {isa = PBXFileReference; lastKnownFileType = text.plist.xml; path = Info.plist; sourceTree = "<group>"; };
		75284B6C282FCF2700D7DFC5 /* HomeViewController.swift */ = {isa = PBXFileReference; lastKnownFileType = sourcecode.swift; path = HomeViewController.swift; sourceTree = "<group>"; };
		75284B6E282FCF4100D7DFC5 /* HipiViewController.swift */ = {isa = PBXFileReference; lastKnownFileType = sourcecode.swift; path = HipiViewController.swift; sourceTree = "<group>"; };
		75284B70282FCF5100D7DFC5 /* UpcomingViewController.swift */ = {isa = PBXFileReference; lastKnownFileType = sourcecode.swift; path = UpcomingViewController.swift; sourceTree = "<group>"; };
		75284B72282FCF6300D7DFC5 /* MoreViewController.swift */ = {isa = PBXFileReference; lastKnownFileType = sourcecode.swift; path = MoreViewController.swift; sourceTree = "<group>"; };
		75284B74282FCFC700D7DFC5 /* TabViewController.swift */ = {isa = PBXFileReference; lastKnownFileType = sourcecode.swift; path = TabViewController.swift; sourceTree = "<group>"; };
		75284B76282FD0C300D7DFC5 /* DownloadViewController.swift */ = {isa = PBXFileReference; lastKnownFileType = sourcecode.swift; name = DownloadViewController.swift; path = zee5/View/DownloadViewController.swift; sourceTree = SOURCE_ROOT; };
		75284B792830E77800D7DFC5 /* UnderlinedTextField.swift */ = {isa = PBXFileReference; lastKnownFileType = sourcecode.swift; path = UnderlinedTextField.swift; sourceTree = "<group>"; };
		75284B7B283107F400D7DFC5 /* LoginViewController.swift */ = {isa = PBXFileReference; lastKnownFileType = sourcecode.swift; path = LoginViewController.swift; sourceTree = "<group>"; };
		75284B7D2831507D00D7DFC5 /* RegisterViewController.swift */ = {isa = PBXFileReference; lastKnownFileType = sourcecode.swift; path = RegisterViewController.swift; sourceTree = "<group>"; };
		75C5878C283526CB00568A0F /* ViewModel.swift */ = {isa = PBXFileReference; lastKnownFileType = sourcecode.swift; path = ViewModel.swift; sourceTree = "<group>"; };
		75C5878E283526D800568A0F /* Model.swift */ = {isa = PBXFileReference; lastKnownFileType = sourcecode.swift; path = Model.swift; sourceTree = "<group>"; };
/* End PBXFileReference section */

/* Begin PBXFrameworksBuildPhase section */
		751F5805282FBC4800FBD04D /* Frameworks */ = {
			isa = PBXFrameworksBuildPhase;
			buildActionMask = 2147483647;
			files = (
			);
			runOnlyForDeploymentPostprocessing = 0;
		};
/* End PBXFrameworksBuildPhase section */

/* Begin PBXGroup section */
		751F57FF282FBC4800FBD04D = {
			isa = PBXGroup;
			children = (
				751F580A282FBC4900FBD04D /* zee5 */,
				751F5809282FBC4800FBD04D /* Products */,
			);
			sourceTree = "<group>";
		};
		751F5809282FBC4800FBD04D /* Products */ = {
			isa = PBXGroup;
			children = (
				751F5808282FBC4800FBD04D /* zee5.app */,
			);
			name = Products;
			sourceTree = "<group>";
		};
		751F580A282FBC4900FBD04D /* zee5 */ = {
			isa = PBXGroup;
			children = (
				751F580B282FBC4900FBD04D /* AppDelegate.swift */,
				751F580D282FBC4900FBD04D /* SceneDelegate.swift */,
				75284B782830E72E00D7DFC5 /* Extension */,
				751F5822282FC9A800FBD04D /* Resouces */,
				751F5821282FC97200FBD04D /* View Model */,
				751F5820282FC96500FBD04D /* Model */,
				751F581F282FC95300FBD04D /* View */,
			);
			path = zee5;
			sourceTree = "<group>";
		};
		751F581F282FC95300FBD04D /* View */ = {
			isa = PBXGroup;
			children = (
				75284B6C282FCF2700D7DFC5 /* HomeViewController.swift */,
				75284B76282FD0C300D7DFC5 /* DownloadViewController.swift */,
				75284B74282FCFC700D7DFC5 /* TabViewController.swift */,
				75284B6E282FCF4100D7DFC5 /* HipiViewController.swift */,
				75284B70282FCF5100D7DFC5 /* UpcomingViewController.swift */,
				75284B72282FCF6300D7DFC5 /* MoreViewController.swift */,
				75284B7B283107F400D7DFC5 /* LoginViewController.swift */,
				75284B7D2831507D00D7DFC5 /* RegisterViewController.swift */,
			);
			path = View;
			sourceTree = "<group>";
		};
		751F5820282FC96500FBD04D /* Model */ = {
			isa = PBXGroup;
			children = (
				75C5878E283526D800568A0F /* Model.swift */,
			);
			path = Model;
			sourceTree = "<group>";
		};
		751F5821282FC97200FBD04D /* View Model */ = {
			isa = PBXGroup;
			children = (
				75C5878C283526CB00568A0F /* ViewModel.swift */,
			);
			path = "View Model";
			sourceTree = "<group>";
		};
		751F5822282FC9A800FBD04D /* Resouces */ = {
			isa = PBXGroup;
			children = (
				751F5811282FBC4900FBD04D /* Main.storyboard */,
				751F5814282FBC4A00FBD04D /* Assets.xcassets */,
				751F5816282FBC4A00FBD04D /* LaunchScreen.storyboard */,
				751F5819282FBC4A00FBD04D /* Info.plist */,
			);
			path = Resouces;
			sourceTree = "<group>";
		};
		75284B782830E72E00D7DFC5 /* Extension */ = {
			isa = PBXGroup;
			children = (
				75284B792830E77800D7DFC5 /* UnderlinedTextField.swift */,
			);
			path = Extension;
			sourceTree = "<group>";
		};
/* End PBXGroup section */

/* Begin PBXNativeTarget section */
		751F5807282FBC4800FBD04D /* zee5 */ = {
			isa = PBXNativeTarget;
			buildConfigurationList = 751F581C282FBC4A00FBD04D /* Build configuration list for PBXNativeTarget "zee5" */;
			buildPhases = (
				751F5804282FBC4800FBD04D /* Sources */,
				751F5805282FBC4800FBD04D /* Frameworks */,
				751F5806282FBC4800FBD04D /* Resources */,
			);
			buildRules = (
			);
			dependencies = (
			);
			name = zee5;
			productName = zee5;
			productReference = 751F5808282FBC4800FBD04D /* zee5.app */;
			productType = "com.apple.product-type.application";
		};
/* End PBXNativeTarget section */

/* Begin PBXProject section */
		751F5800282FBC4800FBD04D /* Project object */ = {
			isa = PBXProject;
			attributes = {
				BuildIndependentTargetsInParallel = 1;
				LastSwiftUpdateCheck = 1330;
				LastUpgradeCheck = 1330;
				TargetAttributes = {
					751F5807282FBC4800FBD04D = {
						CreatedOnToolsVersion = 13.3.1;
					};
				};
			};
			buildConfigurationList = 751F5803282FBC4800FBD04D /* Build configuration list for PBXProject "zee5" */;
			compatibilityVersion = "Xcode 13.0";
			developmentRegion = en;
			hasScannedForEncodings = 0;
			knownRegions = (
				en,
				Base,
			);
			mainGroup = 751F57FF282FBC4800FBD04D;
			productRefGroup = 751F5809282FBC4800FBD04D /* Products */;
			projectDirPath = "";
			projectRoot = "";
			targets = (
				751F5807282FBC4800FBD04D /* zee5 */,
			);
		};
/* End PBXProject section */

/* Begin PBXResourcesBuildPhase section */
		751F5806282FBC4800FBD04D /* Resources */ = {
			isa = PBXResourcesBuildPhase;
			buildActionMask = 2147483647;
			files = (
				751F5818282FBC4A00FBD04D /* LaunchScreen.storyboard in Resources */,
				751F5815282FBC4A00FBD04D /* Assets.xcassets in Resources */,
				751F5813282FBC4900FBD04D /* Main.storyboard in Resources */,
			);
			runOnlyForDeploymentPostprocessing = 0;
		};
/* End PBXResourcesBuildPhase section */

/* Begin PBXSourcesBuildPhase section */
		751F5804282FBC4800FBD04D /* Sources */ = {
			isa = PBXSourcesBuildPhase;
			buildActionMask = 2147483647;
			files = (
				75284B75282FCFC700D7DFC5 /* TabViewController.swift in Sources */,
				75284B7E2831507E00D7DFC5 /* RegisterViewController.swift in Sources */,
				75284B73282FCF6300D7DFC5 /* MoreViewController.swift in Sources */,
				75284B71282FCF5100D7DFC5 /* UpcomingViewController.swift in Sources */,
				75284B6F282FCF4100D7DFC5 /* HipiViewController.swift in Sources */,
				75284B7A2830E77800D7DFC5 /* UnderlinedTextField.swift in Sources */,
				75C5878F283526D800568A0F /* Model.swift in Sources */,
				751F580C282FBC4900FBD04D /* AppDelegate.swift in Sources */,
				751F580E282FBC4900FBD04D /* SceneDelegate.swift in Sources */,
				75284B77282FD0C300D7DFC5 /* DownloadViewController.swift in Sources */,
				75284B7C283107F400D7DFC5 /* LoginViewController.swift in Sources */,
				75C5878D283526CB00568A0F /* ViewModel.swift in Sources */,
				75284B6D282FCF2700D7DFC5 /* HomeViewController.swift in Sources */,
			);
			runOnlyForDeploymentPostprocessing = 0;
		};
/* End PBXSourcesBuildPhase section */

/* Begin PBXVariantGroup section */
		751F5811282FBC4900FBD04D /* Main.storyboard */ = {
			isa = PBXVariantGroup;
			children = (
				751F5812282FBC4900FBD04D /* Base */,
			);
			name = Main.storyboard;
			sourceTree = "<group>";
		};
		751F5816282FBC4A00FBD04D /* LaunchScreen.storyboard */ = {
			isa = PBXVariantGroup;
			children = (
				751F5817282FBC4A00FBD04D /* Base */,
			);
			name = LaunchScreen.storyboard;
			sourceTree = "<group>";
		};
/* End PBXVariantGroup section */

/* Begin XCBuildConfiguration section */
		751F581A282FBC4A00FBD04D /* Debug */ = {
			isa = XCBuildConfiguration;
			buildSettings = {
				ALWAYS_SEARCH_USER_PATHS = NO;
				CLANG_ANALYZER_NONNULL = YES;
				CLANG_ANALYZER_NUMBER_OBJECT_CONVERSION = YES_AGGRESSIVE;
				CLANG_CXX_LANGUAGE_STANDARD = "gnu++17";
				CLANG_ENABLE_MODULES = YES;
				CLANG_ENABLE_OBJC_ARC = YES;
				CLANG_ENABLE_OBJC_WEAK = YES;
				CLANG_WARN_BLOCK_CAPTURE_AUTORELEASING = YES;
				CLANG_WARN_BOOL_CONVERSION = YES;
				CLANG_WARN_COMMA = YES;
				CLANG_WARN_CONSTANT_CONVERSION = YES;
				CLANG_WARN_DEPRECATED_OBJC_IMPLEMENTATIONS = YES;
				CLANG_WARN_DIRECT_OBJC_ISA_USAGE = YES_ERROR;
				CLANG_WARN_DOCUMENTATION_COMMENTS = YES;
				CLANG_WARN_EMPTY_BODY = YES;
				CLANG_WARN_ENUM_CONVERSION = YES;
				CLANG_WARN_INFINITE_RECURSION = YES;
				CLANG_WARN_INT_CONVERSION = YES;
				CLANG_WARN_NON_LITERAL_NULL_CONVERSION = YES;
				CLANG_WARN_OBJC_IMPLICIT_RETAIN_SELF = YES;
				CLANG_WARN_OBJC_LITERAL_CONVERSION = YES;
				CLANG_WARN_OBJC_ROOT_CLASS = YES_ERROR;
				CLANG_WARN_QUOTED_INCLUDE_IN_FRAMEWORK_HEADER = YES;
				CLANG_WARN_RANGE_LOOP_ANALYSIS = YES;
				CLANG_WARN_STRICT_PROTOTYPES = YES;
				CLANG_WARN_SUSPICIOUS_MOVE = YES;
				CLANG_WARN_UNGUARDED_AVAILABILITY = YES_AGGRESSIVE;
				CLANG_WARN_UNREACHABLE_CODE = YES;
				CLANG_WARN__DUPLICATE_METHOD_MATCH = YES;
				COPY_PHASE_STRIP = NO;
				DEBUG_INFORMATION_FORMAT = dwarf;
				ENABLE_STRICT_OBJC_MSGSEND = YES;
				ENABLE_TESTABILITY = YES;
				GCC_C_LANGUAGE_STANDARD = gnu11;
				GCC_DYNAMIC_NO_PIC = NO;
				GCC_NO_COMMON_BLOCKS = YES;
				GCC_OPTIMIZATION_LEVEL = 0;
				GCC_PREPROCESSOR_DEFINITIONS = (
					"DEBUG=1",
					"$(inherited)",
				);
				GCC_WARN_64_TO_32_BIT_CONVERSION = YES;
				GCC_WARN_ABOUT_RETURN_TYPE = YES_ERROR;
				GCC_WARN_UNDECLARED_SELECTOR = YES;
				GCC_WARN_UNINITIALIZED_AUTOS = YES_AGGRESSIVE;
				GCC_WARN_UNUSED_FUNCTION = YES;
				GCC_WARN_UNUSED_VARIABLE = YES;
				IPHONEOS_DEPLOYMENT_TARGET = 15.4;
				MTL_ENABLE_DEBUG_INFO = INCLUDE_SOURCE;
				MTL_FAST_MATH = YES;
				ONLY_ACTIVE_ARCH = YES;
				SDKROOT = iphoneos;
				SWIFT_ACTIVE_COMPILATION_CONDITIONS = DEBUG;
				SWIFT_OPTIMIZATION_LEVEL = "-Onone";
			};
			name = Debug;
		};
		751F581B282FBC4A00FBD04D /* Release */ = {
			isa = XCBuildConfiguration;
			buildSettings = {
				ALWAYS_SEARCH_USER_PATHS = NO;
				CLANG_ANALYZER_NONNULL = YES;
				CLANG_ANALYZER_NUMBER_OBJECT_CONVERSION = YES_AGGRESSIVE;
				CLANG_CXX_LANGUAGE_STANDARD = "gnu++17";
				CLANG_ENABLE_MODULES = YES;
				CLANG_ENABLE_OBJC_ARC = YES;
				CLANG_ENABLE_OBJC_WEAK = YES;
				CLANG_WARN_BLOCK_CAPTURE_AUTORELEASING = YES;
				CLANG_WARN_BOOL_CONVERSION = YES;
				CLANG_WARN_COMMA = YES;
				CLANG_WARN_CONSTANT_CONVERSION = YES;
				CLANG_WARN_DEPRECATED_OBJC_IMPLEMENTATIONS = YES;
				CLANG_WARN_DIRECT_OBJC_ISA_USAGE = YES_ERROR;
				CLANG_WARN_DOCUMENTATION_COMMENTS = YES;
				CLANG_WARN_EMPTY_BODY = YES;
				CLANG_WARN_ENUM_CONVERSION = YES;
				CLANG_WARN_INFINITE_RECURSION = YES;
				CLANG_WARN_INT_CONVERSION = YES;
				CLANG_WARN_NON_LITERAL_NULL_CONVERSION = YES;
				CLANG_WARN_OBJC_IMPLICIT_RETAIN_SELF = YES;
				CLANG_WARN_OBJC_LITERAL_CONVERSION = YES;
				CLANG_WARN_OBJC_ROOT_CLASS = YES_ERROR;
				CLANG_WARN_QUOTED_INCLUDE_IN_FRAMEWORK_HEADER = YES;
				CLANG_WARN_RANGE_LOOP_ANALYSIS = YES;
				CLANG_WARN_STRICT_PROTOTYPES = YES;
				CLANG_WARN_SUSPICIOUS_MOVE = YES;
				CLANG_WARN_UNGUARDED_AVAILABILITY = YES_AGGRESSIVE;
				CLANG_WARN_UNREACHABLE_CODE = YES;
				CLANG_WARN__DUPLICATE_METHOD_MATCH = YES;
				COPY_PHASE_STRIP = NO;
				DEBUG_INFORMATION_FORMAT = "dwarf-with-dsym";
				ENABLE_NS_ASSERTIONS = NO;
				ENABLE_STRICT_OBJC_MSGSEND = YES;
				GCC_C_LANGUAGE_STANDARD = gnu11;
				GCC_NO_COMMON_BLOCKS = YES;
				GCC_WARN_64_TO_32_BIT_CONVERSION = YES;
				GCC_WARN_ABOUT_RETURN_TYPE = YES_ERROR;
				GCC_WARN_UNDECLARED_SELECTOR = YES;
				GCC_WARN_UNINITIALIZED_AUTOS = YES_AGGRESSIVE;
				GCC_WARN_UNUSED_FUNCTION = YES;
				GCC_WARN_UNUSED_VARIABLE = YES;
				IPHONEOS_DEPLOYMENT_TARGET = 15.4;
				MTL_ENABLE_DEBUG_INFO = NO;
				MTL_FAST_MATH = YES;
				SDKROOT = iphoneos;
				SWIFT_COMPILATION_MODE = wholemodule;
				SWIFT_OPTIMIZATION_LEVEL = "-O";
				VALIDATE_PRODUCT = YES;
			};
			name = Release;
		};
		751F581D282FBC4A00FBD04D /* Debug */ = {
			isa = XCBuildConfiguration;
			buildSettings = {
				ASSETCATALOG_COMPILER_APPICON_NAME = AppIcon;
				ASSETCATALOG_COMPILER_GLOBAL_ACCENT_COLOR_NAME = AccentColor;
				CODE_SIGN_STYLE = Automatic;
				CURRENT_PROJECT_VERSION = 1;
				GENERATE_INFOPLIST_FILE = YES;
				INFOPLIST_FILE = zee5/Resouces/Info.plist;
				INFOPLIST_KEY_UIApplicationSupportsIndirectInputEvents = YES;
				INFOPLIST_KEY_UILaunchStoryboardName = LaunchScreen;
				INFOPLIST_KEY_UIMainStoryboardFile = Main;
				INFOPLIST_KEY_UISupportedInterfaceOrientations_iPad = "UIInterfaceOrientationPortrait UIInterfaceOrientationPortraitUpsideDown UIInterfaceOrientationLandscapeLeft UIInterfaceOrientationLandscapeRight";
				INFOPLIST_KEY_UISupportedInterfaceOrientations_iPhone = "UIInterfaceOrientationPortrait UIInterfaceOrientationLandscapeLeft UIInterfaceOrientationLandscapeRight";
				LD_RUNPATH_SEARCH_PATHS = (
					"$(inherited)",
					"@executable_path/Frameworks",
				);
				MARKETING_VERSION = 1.0;
				PRODUCT_BUNDLE_IDENTIFIER = sasi.zee5;
				PRODUCT_NAME = "$(TARGET_NAME)";
				SWIFT_EMIT_LOC_STRINGS = YES;
				SWIFT_VERSION = 5.0;
				TARGETED_DEVICE_FAMILY = "1,2";
			};
			name = Debug;
		};
		751F581E282FBC4A00FBD04D /* Release */ = {
			isa = XCBuildConfiguration;
			buildSettings = {
				ASSETCATALOG_COMPILER_APPICON_NAME = AppIcon;
				ASSETCATALOG_COMPILER_GLOBAL_ACCENT_COLOR_NAME = AccentColor;
				CODE_SIGN_STYLE = Automatic;
				CURRENT_PROJECT_VERSION = 1;
				GENERATE_INFOPLIST_FILE = YES;
				INFOPLIST_FILE = zee5/Resouces/Info.plist;
				INFOPLIST_KEY_UIApplicationSupportsIndirectInputEvents = YES;
				INFOPLIST_KEY_UILaunchStoryboardName = LaunchScreen;
				INFOPLIST_KEY_UIMainStoryboardFile = Main;
				INFOPLIST_KEY_UISupportedInterfaceOrientations_iPad = "UIInterfaceOrientationPortrait UIInterfaceOrientationPortraitUpsideDown UIInterfaceOrientationLandscapeLeft UIInterfaceOrientationLandscapeRight";
				INFOPLIST_KEY_UISupportedInterfaceOrientations_iPhone = "UIInterfaceOrientationPortrait UIInterfaceOrientationLandscapeLeft UIInterfaceOrientationLandscapeRight";
				LD_RUNPATH_SEARCH_PATHS = (
					"$(inherited)",
					"@executable_path/Frameworks",
				);
				MARKETING_VERSION = 1.0;
				PRODUCT_BUNDLE_IDENTIFIER = sasi.zee5;
				PRODUCT_NAME = "$(TARGET_NAME)";
				SWIFT_EMIT_LOC_STRINGS = YES;
				SWIFT_VERSION = 5.0;
				TARGETED_DEVICE_FAMILY = "1,2";
			};
			name = Release;
		};
/* End XCBuildConfiguration section */

/* Begin XCConfigurationList section */
		751F5803282FBC4800FBD04D /* Build configuration list for PBXProject "zee5" */ = {
			isa = XCConfigurationList;
			buildConfigurations = (
				751F581A282FBC4A00FBD04D /* Debug */,
				751F581B282FBC4A00FBD04D /* Release */,
			);
			defaultConfigurationIsVisible = 0;
			defaultConfigurationName = Release;
		};
		751F581C282FBC4A00FBD04D /* Build configuration list for PBXNativeTarget "zee5" */ = {
			isa = XCConfigurationList;
			buildConfigurations = (
				751F581D282FBC4A00FBD04D /* Debug */,
				751F581E282FBC4A00FBD04D /* Release */,
			);
			defaultConfigurationIsVisible = 0;
			defaultConfigurationName = Release;
		};
/* End XCConfigurationList section */
	};
	rootObject = 751F5800282FBC4800FBD04D /* Project object */;
}
